### YamlMime:AzureCLIGroup
uid: az_group_lock
name: az group lock
summary: Gérer les verrous de groupes de ressources Azure.
description: ''
directCommands:
- uid: az_group_lock_create
  name: az group lock create
  summary: Créez un verrou de groupe de ressources.
  description: ''
  syntax: >-
    az group lock create --lock-type {CanNotDelete, ReadOnly}
                         --name
                         --resource-group
                         [--notes]
                         [--subscription]
  examples:
  - summary: Créez un verrou de niveau groupe de ressources en lecture seule.
    syntax: az group lock create --lock-type ReadOnly -n lockName -g MyResourceGroup
  requiredParameters:
  - isRequired: true
    name: --lock-type -t
    parameterValueGroup: CanNotDelete, ReadOnly
    summary: Type de restriction de verrou.
    description: ''
  - isRequired: true
    name: --name -n
    summary: Nom du verrou.
    description: ''
  - isRequired: true
    name: --resource-group -g
    summary: Nom du groupe de ressources. Vous pouvez configurer le groupe par défaut en utilisant `az configure --defaults group=<name>`.
    description: ''
  optionalParameters:
  - name: --notes
    summary: Remarques sur ce verrou.
    description: ''
  - name: --subscription
    summary: Nom ou ID de l’abonnement. Vous pouvez configurer l’abonnement par défaut à l’aide de `az account set -s NAME_OR_ID` .
    description: ''
  editLink: https://github.com/Azure/azure-cli/blob/dev/src/azure-cli/azure/cli/command_modules/resource/_help.py
- uid: az_group_lock_delete
  name: az group lock delete
  summary: Supprimer un verrou de groupe de ressources.
  description: ''
  syntax: >-
    az group lock delete [--ids]
                         [--name]
                         [--resource-group]
                         [--subscription]
  examples:
  - summary: Supprimer un verrou de groupe de ressources
    syntax: az group lock delete --name lockName -g MyResourceGroup
  optionalParameters:
  - name: --ids
    summary: Un ou plusieurs ID de ressource (délimités par des espaces). S’il est fourni, aucun autre argument « Resource ID » ne doit être spécifié.
    description: ''
  - name: --name -n
    summary: Nom du verrou.
    description: ''
  - name: --resource-group -g
    summary: Nom du groupe de ressources. Vous pouvez configurer le groupe par défaut en utilisant `az configure --defaults group=<name>`.
    description: ''
  - name: --subscription
    summary: Nom ou ID de l’abonnement. Vous pouvez configurer l’abonnement par défaut à l’aide de `az account set -s NAME_OR_ID` .
    description: ''
  editLink: https://github.com/Azure/azure-cli/blob/dev/src/azure-cli/azure/cli/command_modules/resource/_help.py
- uid: az_group_lock_list
  name: az group lock list
  summary: Répertorier les informations de verrou dans le groupe de ressources.
  description: ''
  syntax: >-
    az group lock list [--filter-string]
                       [--query-examples]
                       [--resource-group]
                       [--subscription]
  examples:
  - summary: Répertorier tous les verrous au niveau du groupe de ressources
    syntax: az group lock list -g MyResourceGroup
  optionalParameters:
  - name: --filter-string
    summary: Filtre de requête à utiliser pour restreindre les résultats.
    description: ''
  - name: --query-examples
    summary: Recommandez JMESPath String pour vous. Vous pouvez copier une requête et la coller après--le paramètre de requête entre guillemets doubles pour voir les résultats. Vous pouvez ajouter un ou plusieurs mots clés positionnels pour pouvoir fournir des suggestions en fonction de ces mots clés.
    description: ''
  - name: --resource-group -g
    summary: Nom du groupe de ressources. Vous pouvez configurer le groupe par défaut en utilisant `az configure --defaults group=<name>`.
    description: ''
  - name: --subscription
    summary: Nom ou ID de l’abonnement. Vous pouvez configurer l’abonnement par défaut à l’aide de `az account set -s NAME_OR_ID` .
    description: ''
  editLink: https://github.com/Azure/azure-cli/blob/dev/src/azure-cli/azure/cli/command_modules/resource/_help.py
- uid: az_group_lock_show
  name: az group lock show
  summary: Affichez les détails d’un verrou de groupe de ressources.
  description: ''
  syntax: >-
    az group lock show [--ids]
                       [--name]
                       [--query-examples]
                       [--resource-group]
                       [--subscription]
  examples:
  - summary: Afficher un verrou au niveau du groupe de ressources
    syntax: az group lock show -n lockname -g MyResourceGroup
  optionalParameters:
  - name: --ids
    summary: Un ou plusieurs ID de ressource (délimités par des espaces). S’il est fourni, aucun autre argument « Resource ID » ne doit être spécifié.
    description: ''
  - name: --name -n
    summary: Nom du verrou.
    description: ''
  - name: --query-examples
    summary: Recommandez JMESPath String pour vous. Vous pouvez copier une requête et la coller après--le paramètre de requête entre guillemets doubles pour voir les résultats. Vous pouvez ajouter un ou plusieurs mots clés positionnels pour pouvoir fournir des suggestions en fonction de ces mots clés.
    description: ''
  - name: --resource-group -g
    summary: Nom du groupe de ressources. Vous pouvez configurer le groupe par défaut en utilisant `az configure --defaults group=<name>`.
    description: ''
  - name: --subscription
    summary: Nom ou ID de l’abonnement. Vous pouvez configurer l’abonnement par défaut à l’aide de `az account set -s NAME_OR_ID` .
    description: ''
  editLink: https://github.com/Azure/azure-cli/blob/dev/src/azure-cli/azure/cli/command_modules/resource/_help.py
- uid: az_group_lock_update
  name: az group lock update
  summary: Mettre à jour un verrou de groupe de ressources.
  description: ''
  syntax: >-
    az group lock update [--ids]
                         [--lock-type {CanNotDelete, ReadOnly}]
                         [--name]
                         [--notes]
                         [--resource-group]
                         [--subscription]
  examples:
  - summary: Mettre à jour un verrou de groupe de ressources avec de nouvelles notes et le nouveau type
    syntax: az group lock update --name lockName -g MyResourceGroup --notes newNotesHere --lock-type CanNotDelete
  optionalParameters:
  - name: --ids
    summary: Un ou plusieurs ID de ressource (délimités par des espaces). S’il est fourni, aucun autre argument « Resource ID » ne doit être spécifié.
    description: ''
  - name: --lock-type -t
    parameterValueGroup: CanNotDelete, ReadOnly
    summary: Type de restriction de verrou.
    description: ''
  - name: --name -n
    summary: Nom du verrou.
    description: ''
  - name: --notes
    summary: Remarques sur ce verrou.
    description: ''
  - name: --resource-group -g
    summary: Nom du groupe de ressources. Vous pouvez configurer le groupe par défaut en utilisant `az configure --defaults group=<name>`.
    description: ''
  - name: --subscription
    summary: Nom ou ID de l’abonnement. Vous pouvez configurer l’abonnement par défaut à l’aide de `az account set -s NAME_OR_ID` .
    description: ''
  editLink: https://github.com/Azure/azure-cli/blob/dev/src/azure-cli/azure/cli/command_modules/resource/_help.py
commands:
- az_group_lock_create
- az_group_lock_delete
- az_group_lock_list
- az_group_lock_show
- az_group_lock_update
globalParameters:
- name: --debug
  summary: Augmentez le niveau de détail de la journalisation pour afficher tous les journaux de débogage.
- name: --help -h
  summary: Affichez ce message d’aide et quittez.
- name: --only-show-errors
  summary: Afficher uniquement les erreurs, en supprimant les avertissements.
- name: --output -o
  defaultValue: json
  parameterValueGroup: json, jsonc, table, tsv
  summary: Format de sortie.
- name: --query
  summary: Chaîne de requêtes JMESPath. Pour obtenir plus d’informations et des exemples, consultez <a href="http://jmespath.org/">http://jmespath.org/</a>.
- name: --verbose
  summary: Augmentez le niveau de détail de la journalisation. Utilisez --debug pour des journaux de débogage complets.
metadata:
  doc_source_url_repo: https://github.com/Azure/azure-cli/blob/dev/
  ms.date: 02/25/2021
  description: Gérer les verrous de groupes de ressources Azure.
  ms.openlocfilehash: 3e1fbe337c780cfaa2f71467b4a35b723231833a
  ms.sourcegitcommit: f9e23f29c59c6957d3df4d5ca2f4425093e6fd80
  ms.translationtype: MT
  ms.contentlocale: fr-FR
  ms.lasthandoff: 03/16/2021
  ms.locfileid: "103534251"
