### YamlMime:AzureCLIGroup
uid: az_resource_lock
name: az resource lock
summary: Gérer les verrous au niveau des ressources Azure.
description: ''
directCommands:
- uid: az_resource_lock_create
  name: az resource lock create
  summary: Créez un verrou au niveau de la ressource.
  description: ''
  syntax: >-
    az resource lock create --lock-type {CanNotDelete, ReadOnly}
                            --name
                            [--namespace]
                            [--notes]
                            [--parent]
                            [--resource]
                            [--resource-group]
                            [--resource-type]
                            [--subscription]
  examples:
  - summary: Créer un verrou de niveau de ressource en lecture seule sur un réseau virtuel.
    syntax: az resource lock create --lock-type ReadOnly -n lockName -g MyResourceGroup --resource myvnet --resource-type Microsoft.Network/virtualNetworks
  - summary: Créer un verrou de niveau de ressource en lecture seule sur un réseau virtuel à l’aide d’un ID de réseau virtuel.
    syntax: az resource lock create --lock-type ReadOnly -n lockName --resource /subscriptions/{SubID}/resourceGroups/{ResourceGroup}/providers/Microsoft.Network/virtualNetworks/{VNETName}
  requiredParameters:
  - isRequired: true
    name: --lock-type -t
    parameterValueGroup: CanNotDelete, ReadOnly
    summary: Type de restriction de verrou.
    description: ''
  - isRequired: true
    name: --name -n
    summary: Nom du verrou.
    description: ''
  optionalParameters:
  - name: --namespace
    summary: "Espace de noms du fournisseur (par exemple : 'Microsoft. Provider')."
    description: ''
  - name: --notes
    summary: Remarques sur ce verrou.
    description: ''
  - name: --parent
    summary: 'Chemin d’accès parent (ex : « resA/myA/resB/myB »).'
    description: ''
  - name: --resource --resource-name
    summary: Si un ID est donné, les autres arguments de ressource ne doivent pas être donnés.
    description: ''
  - name: --resource-group -g
    summary: Nom du groupe de ressources. Vous pouvez configurer le groupe par défaut en utilisant `az configure --defaults group=<name>`.
    description: ''
  - name: --resource-type
    summary: 'Type de ressource (par exemple, « resC »). Peut également accepter le format d’espace de noms/type (par exemple : « Microsoft. Provider/resC »).'
    description: ''
  - name: --subscription
    summary: Nom ou ID de l’abonnement. Vous pouvez configurer l’abonnement par défaut à l’aide de `az account set -s NAME_OR_ID` .
    description: ''
  editLink: https://github.com/Azure/azure-cli/blob/dev/src/azure-cli/azure/cli/command_modules/resource/_help.py
- uid: az_resource_lock_delete
  name: az resource lock delete
  summary: Supprimer un verrou au niveau de la ressource.
  description: ''
  syntax: >-
    az resource lock delete [--ids]
                            [--name]
                            [--namespace]
                            [--parent]
                            [--resource]
                            [--resource-group]
                            [--resource-type]
                            [--subscription]
  examples:
  - summary: Supprimer un verrou de niveau ressource
    syntax: az resource lock delete --name lockName -g MyResourceGroup --resource myvnet --resource-type Microsoft.Network/virtualNetworks
  - summary: Supprimer un verrou de niveau ressource sur un réseau virtuel à l’aide d’un ID de réseau virtuel.
    syntax: az resource lock delete -n lockName --resource /subscriptions/{SubID}/resourceGroups/{ResourceGroup}/providers/Microsoft.Network/virtualNetworks/{VMName}
  - summary: Supprimer un verrou au niveau de la ressource. généré automatiquement
    syntax: az resource lock delete --ids /subscriptions/{SubID}/resourceGroups/{ResourceGroup}/providers/Microsoft.Web/sites/{WebApp}
  optionalParameters:
  - name: --ids
    summary: Un ou plusieurs ID de ressource (délimités par des espaces). S’il est fourni, aucun autre argument « Resource ID » ne doit être spécifié.
    description: ''
  - name: --name -n
    summary: Nom du verrou.
    description: ''
  - name: --namespace
    summary: "Espace de noms du fournisseur (par exemple : 'Microsoft. Provider')."
    description: ''
  - name: --parent
    summary: 'Chemin d’accès parent (ex : « resA/myA/resB/myB »).'
    description: ''
  - name: --resource --resource-name
    summary: Si un ID est donné, les autres arguments de ressource ne doivent pas être donnés.
    description: ''
  - name: --resource-group -g
    summary: Nom du groupe de ressources. Vous pouvez configurer le groupe par défaut en utilisant `az configure --defaults group=<name>`.
    description: ''
  - name: --resource-type
    summary: 'Type de ressource (par exemple, « resC »). Peut également accepter le format d’espace de noms/type (par exemple : « Microsoft. Provider/resC »).'
    description: ''
  - name: --subscription
    summary: Nom ou ID de l’abonnement. Vous pouvez configurer l’abonnement par défaut à l’aide de `az account set -s NAME_OR_ID` .
    description: ''
  editLink: https://github.com/Azure/azure-cli/blob/dev/src/azure-cli/azure/cli/command_modules/resource/_help.py
- uid: az_resource_lock_list
  name: az resource lock list
  summary: Répertorier les informations de verrou dans le niveau de la ressource.
  description: ''
  syntax: >-
    az resource lock list [--filter-string]
                          [--namespace]
                          [--parent]
                          [--query-examples]
                          [--resource]
                          [--resource-group]
                          [--resource-type]
                          [--subscription]
  examples:
  - summary: Répertorier tous les verrous sur un réseau virtuel
    syntax: az resource lock list -g MyResourceGroup --resource myvnet --resource-type Microsoft.Network/virtualNetworks
  optionalParameters:
  - name: --filter-string
    summary: Filtre de requête à utiliser pour restreindre les résultats.
    description: ''
  - name: --namespace
    summary: "Espace de noms du fournisseur (par exemple : 'Microsoft. Provider')."
    description: ''
  - name: --parent
    summary: 'Chemin d’accès parent (ex : « resA/myA/resB/myB »).'
    description: ''
  - name: --query-examples
    summary: Recommandez JMESPath String pour vous. Vous pouvez copier une requête et la coller après--le paramètre de requête entre guillemets doubles pour voir les résultats. Vous pouvez ajouter un ou plusieurs mots clés positionnels pour pouvoir fournir des suggestions en fonction de ces mots clés.
    description: ''
  - name: --resource --resource-name
    summary: Si un ID est donné, les autres arguments de ressource ne doivent pas être donnés.
    description: ''
  - name: --resource-group -g
    summary: Nom du groupe de ressources. Vous pouvez configurer le groupe par défaut en utilisant `az configure --defaults group=<name>`.
    description: ''
  - name: --resource-type
    summary: 'Type de ressource (par exemple, « resC »). Peut également accepter le format d’espace de noms/type (par exemple : « Microsoft. Provider/resC »).'
    description: ''
  - name: --subscription
    summary: Nom ou ID de l’abonnement. Vous pouvez configurer l’abonnement par défaut à l’aide de `az account set -s NAME_OR_ID` .
    description: ''
  editLink: https://github.com/Azure/azure-cli/blob/dev/src/azure-cli/azure/cli/command_modules/resource/_help.py
- uid: az_resource_lock_show
  name: az resource lock show
  summary: Affichez les détails d’un verrou au niveau de la ressource.
  description: ''
  syntax: >-
    az resource lock show [--ids]
                          [--name]
                          [--namespace]
                          [--parent]
                          [--query-examples]
                          [--resource]
                          [--resource-group]
                          [--resource-type]
                          [--subscription]
  examples:
  - summary: Afficher un verrou au niveau de la ressource
    syntax: az resource lock show -n lockname -g MyResourceGroup --resource myvnet --resource-type Microsoft.Network/virtualNetworks
  optionalParameters:
  - name: --ids
    summary: Un ou plusieurs ID de ressource (délimités par des espaces). S’il est fourni, aucun autre argument « Resource ID » ne doit être spécifié.
    description: ''
  - name: --name -n
    summary: Nom du verrou.
    description: ''
  - name: --namespace
    summary: "Espace de noms du fournisseur (par exemple : 'Microsoft. Provider')."
    description: ''
  - name: --parent
    summary: 'Chemin d’accès parent (ex : « resA/myA/resB/myB »).'
    description: ''
  - name: --query-examples
    summary: Recommandez JMESPath String pour vous. Vous pouvez copier une requête et la coller après--le paramètre de requête entre guillemets doubles pour voir les résultats. Vous pouvez ajouter un ou plusieurs mots clés positionnels pour pouvoir fournir des suggestions en fonction de ces mots clés.
    description: ''
  - name: --resource --resource-name
    summary: Si un ID est donné, les autres arguments de ressource ne doivent pas être donnés.
    description: ''
  - name: --resource-group -g
    summary: Nom du groupe de ressources. Vous pouvez configurer le groupe par défaut en utilisant `az configure --defaults group=<name>`.
    description: ''
  - name: --resource-type
    summary: 'Type de ressource (par exemple, « resC »). Peut également accepter le format d’espace de noms/type (par exemple : « Microsoft. Provider/resC »).'
    description: ''
  - name: --subscription
    summary: Nom ou ID de l’abonnement. Vous pouvez configurer l’abonnement par défaut à l’aide de `az account set -s NAME_OR_ID` .
    description: ''
  editLink: https://github.com/Azure/azure-cli/blob/dev/src/azure-cli/azure/cli/command_modules/resource/_help.py
- uid: az_resource_lock_update
  name: az resource lock update
  summary: Mettre à jour un verrou au niveau de la ressource.
  description: ''
  syntax: >-
    az resource lock update [--ids]
                            [--lock-type {CanNotDelete, ReadOnly}]
                            [--name]
                            [--namespace]
                            [--notes]
                            [--parent]
                            [--resource]
                            [--resource-group]
                            [--resource-type]
                            [--subscription]
  examples:
  - summary: Mettre à jour un verrou de niveau ressource avec les nouvelles notes et le type
    syntax: az resource lock update --name lockName -g MyResourceGroup --resource myvnet --resource-type Microsoft.Network/virtualNetworks --notes newNotesHere --lock-type CanNotDelete
  - summary: Mettre à jour un verrou au niveau de la ressource. généré automatiquement
    syntax: az resource lock update --lock-type CanNotDelete --name lockName --namespace Microsoft.Network --resource-group MyResourceGroup --resource-name myvnet --resource-type Microsoft.Network/virtualNetworks
  optionalParameters:
  - name: --ids
    summary: Un ou plusieurs ID de ressource (délimités par des espaces). S’il est fourni, aucun autre argument « Resource ID » ne doit être spécifié.
    description: ''
  - name: --lock-type -t
    parameterValueGroup: CanNotDelete, ReadOnly
    summary: Type de restriction de verrou.
    description: ''
  - name: --name -n
    summary: Nom du verrou.
    description: ''
  - name: --namespace
    summary: "Espace de noms du fournisseur (par exemple : 'Microsoft. Provider')."
    description: ''
  - name: --notes
    summary: Remarques sur ce verrou.
    description: ''
  - name: --parent
    summary: 'Chemin d’accès parent (ex : « resA/myA/resB/myB »).'
    description: ''
  - name: --resource --resource-name
    summary: Si un ID est donné, les autres arguments de ressource ne doivent pas être donnés.
    description: ''
  - name: --resource-group -g
    summary: Nom du groupe de ressources. Vous pouvez configurer le groupe par défaut en utilisant `az configure --defaults group=<name>`.
    description: ''
  - name: --resource-type
    summary: 'Type de ressource (par exemple, « resC »). Peut également accepter le format d’espace de noms/type (par exemple : « Microsoft. Provider/resC »).'
    description: ''
  - name: --subscription
    summary: Nom ou ID de l’abonnement. Vous pouvez configurer l’abonnement par défaut à l’aide de `az account set -s NAME_OR_ID` .
    description: ''
  editLink: https://github.com/Azure/azure-cli/blob/dev/src/azure-cli/azure/cli/command_modules/resource/_help.py
commands:
- az_resource_lock_create
- az_resource_lock_delete
- az_resource_lock_list
- az_resource_lock_show
- az_resource_lock_update
globalParameters:
- name: --debug
  summary: Augmentez le niveau de détail de la journalisation pour afficher tous les journaux de débogage.
- name: --help -h
  summary: Affichez ce message d’aide et quittez.
- name: --only-show-errors
  summary: Afficher uniquement les erreurs, en supprimant les avertissements.
- name: --output -o
  defaultValue: json
  parameterValueGroup: json, jsonc, table, tsv
  summary: Format de sortie.
- name: --query
  summary: Chaîne de requêtes JMESPath. Pour obtenir plus d’informations et des exemples, consultez <a href="http://jmespath.org/">http://jmespath.org/</a>.
- name: --verbose
  summary: Augmentez le niveau de détail de la journalisation. Utilisez --debug pour des journaux de débogage complets.
metadata:
  doc_source_url_repo: https://github.com/Azure/azure-cli/blob/dev/
  ms.date: 04/08/2021
  description: Gérer les verrous au niveau des ressources Azure.
  ms.openlocfilehash: a0e956909b05ff1033ed1d34d8be575e0720fad1
  ms.sourcegitcommit: b7481a4363417987865106c343ef8e60c69c9170
  ms.translationtype: MT
  ms.contentlocale: fr-FR
  ms.lasthandoff: 04/09/2021
  ms.locfileid: "107241429"
